<Solution>
  <Folder Name="/AzureFunction.Business/">
    <Project Path="AzureFunction.Business/AzureFunction.Business.csproj" Id="e8520405-149f-4ce1-a0c2-b2c397b2702c" />
  </Folder>
  <Folder Name="/AzureFunction.DataAccess/">
    <Project Path="AzureFunction.DataAccess/AzureFunction.DataAccess.csproj" Id="e3fcc657-ae2d-4949-b5f7-330fc2df0cb6" />
  </Folder>
  <Folder Name="/AzureFunction.Domain/">
    <Project Path="AzureFunction.Domain/AzureFunction.Domain.csproj" Id="9b68af05-c8bf-4127-b809-d41980e982a7" />
  </Folder>
  <Folder Name="/AzureFunction/">
    <Project Path="AzureFunctionTest/AzureFunctionTest.csproj" Id="a4c8dfcc-f82a-40aa-bbf3-ce472c8540ff" />
  </Folder>
  <Folder Name="/Infrastructure/">
    <File Path=".github/workflows/ci-cd.yml" />
    <File Path="infrastructure/Dockerfile" />
  </Folder>
  <Folder Name="/Infrastructure/bootstrap/">
    <File Path="infrastructure/bootstrap/main.tf" />
    <File Path="infrastructure/bootstrap/variables.tf" />
  </Folder>
  <Folder Name="/Infrastructure/live/">
    <File Path="infrastructure/live/main.tf" />
  </Folder>
  <Folder Name="/Infrastructure/live/environments/">
    <File Path="infrastructure/live/environments/dev.tfvars" />
    <File Path="infrastructure/live/environments/prod.tfvars" />
    <File Path="infrastructure/live/environments/qa.tfvars" />
  </Folder>
  <Folder Name="/Solution Items/">
    <File Path="README.md" />
  </Folder>
</Solution>
